<?xml version="1.0" encoding="utf-8"?>
<Project ToolsVersion="4.0" xmlns="http://schemas.microsoft.com/developer/msbuild/2003">
  <ItemGroup>
    <Filter Include="Archivos de origen">
      <UniqueIdentifier>{4FC737F1-C7A5-4376-A066-2A32D752A2FF}</UniqueIdentifier>
      <Extensions>cpp;c;cc;cxx;c++;cppm;ixx;def;odl;idl;hpj;bat;asm;asmx</Extensions>
    </Filter>
    <Filter Include="Archivos de encabezado">
      <UniqueIdentifier>{93995380-89BD-4b04-88EB-625FBE52EBFB}</UniqueIdentifier>
      <Extensions>h;hh;hpp;hxx;h++;hm;inl;inc;ipp;xsd</Extensions>
    </Filter>
    <Filter Include="Archivos de recursos">
      <UniqueIdentifier>{67DA6AB6-F800-4c08-8B7A-83BB121AAD01}</UniqueIdentifier>
      <Extensions>rc;ico;cur;bmp;dlg;rc2;rct;bin;rgs;gif;jpg;jpeg;jpe;resx;tiff;tif;png;wav;mfcribbon-ms</Extensions>
    </Filter>
    <Filter Include="Archivos de origen\shaders">
      <UniqueIdentifier>{a4f530fe-f992-40f9-8e6c-a4bffb11b41f}</UniqueIdentifier>
    </Filter>
    <Filter Include="Archivos de origen\textures">
      <UniqueIdentifier>{485d3ed1-c591-450a-8460-d8d276c9b7e3}</UniqueIdentifier>
    </Filter>
  </ItemGroup>
  <ItemGroup>
    <ClCompile Include="..\OpneGL_Stuff\Library\glad.c">
      <Filter>Archivos de origen</Filter>
    </ClCompile>
    <ClCompile Include="Traslation.cpp">
      <Filter>Archivos de origen</Filter>
    </ClCompile>
    <ClCompile Include="Giro.cpp">
      <Filter>Archivos de origen</Filter>
    </ClCompile>
    <ClCompile Include="Movimiento.cpp">
      <Filter>Archivos de origen</Filter>
    </ClCompile>
    <ClCompile Include="..\..\..\..\..\..\..\Downloads\B2T3_de la Caden Issac.cpp">
      <Filter>Archivos de origen</Filter>
    </ClCompile>
    <ClCompile Include="..\..\..\..\..\..\..\Downloads\C3_Exercise_16_Load3DModel_Task1.cpp">
      <Filter>Archivos de origen</Filter>
    </ClCompile>
    <ClCompile Include="..\..\..\..\..\..\..\Downloads\C3_Exercise_16_Load3DModel_Task2.cpp">
      <Filter>Archivos de origen</Filter>
    </ClCompile>
    <ClCompile Include="..\..\..\..\..\..\..\Downloads\C3_Exercise_16_Load3DModel_Task3.cpp">
      <Filter>Archivos de origen</Filter>
    </ClCompile>
  </ItemGroup>
  <ItemGroup>
    <Image Include="textures\Hizoka.jpg">
      <Filter>Archivos de origen\textures</Filter>
    </Image>
    <Image Include="textures\Lanza.png">
      <Filter>Archivos de origen\textures</Filter>
    </Image>
    <Image Include="textures\Texture1.png">
      <Filter>Archivos de origen\textures</Filter>
    </Image>
    <Image Include="textures\patada.png">
      <Filter>Archivos de origen\textures</Filter>
    </Image>
    <Image Include="textures\container.jpg">
      <Filter>Archivos de origen\textures</Filter>
    </Image>
    <Image Include="textures\container2.png">
      <Filter>Archivos de origen\textures</Filter>
    </Image>
    <Image Include="textures\container2_specular.png">
      <Filter>Archivos de origen\textures</Filter>
    </Image>
    <Image Include="textures\HizokaBNSPECULAR.jpg">
      <Filter>Archivos de origen\textures</Filter>
    </Image>
    <Image Include="textures\LanzaBNSPECULAR.png">
      <Filter>Archivos de origen\textures</Filter>
    </Image>
    <Image Include="textures\led.jpg">
      <Filter>Archivos de origen\textures</Filter>
    </Image>
    <Image Include="textures\patadaBNSPECULAR.png">
      <Filter>Archivos de origen\textures</Filter>
    </Image>
    <Image Include="textures\Texture1BNSPECULAR.png">
      <Filter>Archivos de origen\textures</Filter>
    </Image>
  </ItemGroup>
  <ItemGroup>
    <None Include="shaders\shader_exercise16_mloading.vs">
      <Filter>Archivos de origen\shaders</Filter>
    </None>
    <None Include="shaders\shader_exercise16_mloading.fs">
      <Filter>Archivos de origen\shaders</Filter>
    </None>
    <None Include="shaders\shader_exercise14_lightcube.fs">
      <Filter>Archivos de origen\shaders</Filter>
    </None>
    <None Include="shaders\shader_exercise14t4_materials.fs">
      <Filter>Archivos de origen\shaders</Filter>
    </None>
    <None Include="shaders\shader_exercise14t4_materials.vs">
      <Filter>Archivos de origen\shaders</Filter>
    </None>
    <None Include="shaders\shader_exercise14_lightcube.vs">
      <Filter>Archivos de origen\shaders</Filter>
    </None>
  </ItemGroup>
</Project>